schema: '2.0'
stages:
  load_data:
    cmd: python src\\load_data.py --config=params.yaml
    deps:
    - path: data_given\\WineQT.csv
      md5: ea843ab075933c4003af8d36cc8082f0
      size: 61290
    - path: src\\get_data.py
      md5: eac6f0de12ec48aab1be271a301f195f
      size: 652
    - path: src\\load_data.py
      md5: 85b5ca6a0076885ebdeb1ed12b2824f8
      size: 685
    outs:
    - path: data\\raw\\wineQT.csv
      md5: 6d2ea9b697406e9c36b97e265790b672
      size: 66886
  split_data:
    cmd: python src\\split_data.py --config=params.yaml
    deps:
    - path: data\\raw\\wineQT.csv
      md5: 6d2ea9b697406e9c36b97e265790b672
      size: 66886
    - path: src\\split_data.py
      md5: d6014cc89a00df72b8308a6454e2db84
      size: 1111
    outs:
    - path: data\\processed\\test_wineQT.csv
      md5: 20f0ecf4eadfab77a08e355d6b4c6f58
      size: 13538
    - path: data\\processed\\train_wineQT.csv
      md5: b62cda1a9bc07e8017ef46e3f9c68a82
      size: 53495
  train_and_evaluate:
    cmd: python src\\train_and_evaluate.py --config=params.yaml
    deps:
    - path: data\\processed\\test_wineQT.csv
      md5: 20f0ecf4eadfab77a08e355d6b4c6f58
      size: 13538
    - path: data\\processed\\train_wineQT.csv
      md5: b62cda1a9bc07e8017ef46e3f9c68a82
      size: 53495
    - path: src\\train_and_evaluate.py
      md5: df2a6834e11bc5b5dd954f925a3531cd
      size: 2666
    params:
      params.yaml:
        estimators.ElasticNet.params.alpha: 0.94
        estimators.ElasticNet.params.l1_ratio: 0.46
    outs:
    - path: report\\params.json
      md5: 27e01d8092fdb4fbe85bb1c094406afa
      size: 46
    - path: report\\scores.json
      md5: 68a3685078945760a0b806ae753bcddb
      size: 60
    - path: saved_models\\model.joblib
      md5: dedc1a46141e7737ea003091018c872d
      size: 1198
